
Microsoft Visual Studio Solution File, Format Version 12.00
# Visual Studio Version 17
VisualStudioVersion = 17.1.32210.238
MinimumVisualStudioVersion = 10.0.40219.1
Project("{FAE04EC0-301F-11D3-BF4B-00C04F79EFBC}") = "JuegoPiedraPapelTijera", "JuegoPiedraPapelTijera\JuegoPiedraPapelTijera.csproj", "{5FF33D6E-1192-4DF0-AF15-F7B4C5CBBBC3}"
EndProject
Global
	GlobalSection(SolutionConfigurationPlatforms) = preSolution
		Debug|Any CPU = Debug|Any CPU
		Release|Any CPU = Release|Any CPU
	EndGlobalSection
	GlobalSection(ProjectConfigurationPlatforms) = postSolution
		{5FF33D6E-1192-4DF0-AF15-F7B4C5CBBBC3}.Debug|Any CPU.ActiveCfg = Debug|Any CPU
		{5FF33D6E-1192-4DF0-AF15-F7B4C5CBBBC3}.Debug|Any CPU.Build.0 = Debug|Any CPU
		{5FF33D6E-1192-4DF0-AF15-F7B4C5CBBBC3}.Release|Any CPU.ActiveCfg = Release|Any CPU
		{5FF33D6E-1192-4DF0-AF15-F7B4C5CBBBC3}.Release|Any CPU.Build.0 = Release|Any CPU
	EndGlobalSection
	GlobalSection(SolutionProperties) = preSolution
		HideSolutionNode = FALSE
	EndGlobalSection
	GlobalSection(ExtensibilityGlobals) = postSolution
		SolutionGuid = {E1479A2F-2C4F-47A3-A4EE-B0E40FB98275}
	EndGlobalSection
EndGlobal
